
Microsoft Visual Studio Solution File, Format Version 12.00
# Visual Studio Version 17
VisualStudioVersion = 17.4.33403.182
MinimumVisualStudioVersion = 10.0.40219.1
Project("{FAE04EC0-301F-11D3-BF4B-00C04F79EFBC}") = "WebAPIDemo", "WebAPIDemo.csproj", "{F759D99E-B583-4347-8F47-09AB92D801CD}"
EndProject
Global
	GlobalSection(SolutionConfigurationPlatforms) = preSolution
		Debug|Any CPU = Debug|Any CPU
		Release|Any CPU = Release|Any CPU
	EndGlobalSection
	GlobalSection(ProjectConfigurationPlatforms) = postSolution
		{F759D99E-B583-4347-8F47-09AB92D801CD}.Debug|Any CPU.ActiveCfg = Debug|Any CPU
		{F759D99E-B583-4347-8F47-09AB92D801CD}.Debug|Any CPU.Build.0 = Debug|Any CPU
		{F759D99E-B583-4347-8F47-09AB92D801CD}.Release|Any CPU.ActiveCfg = Release|Any CPU
		{F759D99E-B583-4347-8F47-09AB92D801CD}.Release|Any CPU.Build.0 = Release|Any CPU
	EndGlobalSection
	GlobalSection(SolutionProperties) = preSolution
		HideSolutionNode = FALSE
	EndGlobalSection
	GlobalSection(ExtensibilityGlobals) = postSolution
		SolutionGuid = {3F8221FE-EBB8-4E76-BB5E-3EDF3F3D1000}
	EndGlobalSection
EndGlobal
